
Microsoft Visual Studio Solution File, Format Version 12.00
# Visual Studio Version 16
VisualStudioVersion = 16.0.31729.503
MinimumVisualStudioVersion = 10.0.40219.1
Project("{FAE04EC0-301F-11D3-BF4B-00C04F79EFBC}") = "RRHH_WEB_API", "RRHH_WEB_API\RRHH_WEB_API.csproj", "{B04E9352-BE91-4FD7-9B0D-5AD04F0C6279}"
EndProject
Global
	GlobalSection(SolutionConfigurationPlatforms) = preSolution
		Debug|Any CPU = Debug|Any CPU
		Release|Any CPU = Release|Any CPU
	EndGlobalSection
	GlobalSection(ProjectConfigurationPlatforms) = postSolution
		{B04E9352-BE91-4FD7-9B0D-5AD04F0C6279}.Debug|Any CPU.ActiveCfg = Debug|Any CPU
		{B04E9352-BE91-4FD7-9B0D-5AD04F0C6279}.Debug|Any CPU.Build.0 = Debug|Any CPU
		{B04E9352-BE91-4FD7-9B0D-5AD04F0C6279}.Release|Any CPU.ActiveCfg = Release|Any CPU
		{B04E9352-BE91-4FD7-9B0D-5AD04F0C6279}.Release|Any CPU.Build.0 = Release|Any CPU
	EndGlobalSection
	GlobalSection(SolutionProperties) = preSolution
		HideSolutionNode = FALSE
	EndGlobalSection
	GlobalSection(ExtensibilityGlobals) = postSolution
		SolutionGuid = {5FE2E82A-8E2B-421E-9366-4F7CB148DA0E}
	EndGlobalSection
EndGlobal
